
Microsoft Visual Studio Solution File, Format Version 12.00
# Visual Studio Version 17
VisualStudioVersion = 17.0.31903.59
MinimumVisualStudioVersion = 10.0.40219.1
Project("{2150E333-8FDC-42A3-9474-1A3956D46DE8}") = "frontend", "frontend", "{3D00BC1B-5229-4DC7-AAB1-DAB5E5BBD94B}"
EndProject
Project("{FAE04EC0-301F-11D3-BF4B-00C04F79EFBC}") = "MyConsoleApp", "frontend\MyConsoleApp\MyConsoleApp.csproj", "{B2EC1050-15E3-4E63-9FD7-E3A00F509C7D}"
EndProject
Global
	GlobalSection(SolutionConfigurationPlatforms) = preSolution
		Debug|Any CPU = Debug|Any CPU
		Release|Any CPU = Release|Any CPU
	EndGlobalSection
	GlobalSection(SolutionProperties) = preSolution
		HideSolutionNode = FALSE
	EndGlobalSection
	GlobalSection(ProjectConfigurationPlatforms) = postSolution
		{B2EC1050-15E3-4E63-9FD7-E3A00F509C7D}.Debug|Any CPU.ActiveCfg = Debug|Any CPU
		{B2EC1050-15E3-4E63-9FD7-E3A00F509C7D}.Debug|Any CPU.Build.0 = Debug|Any CPU
		{B2EC1050-15E3-4E63-9FD7-E3A00F509C7D}.Release|Any CPU.ActiveCfg = Release|Any CPU
		{B2EC1050-15E3-4E63-9FD7-E3A00F509C7D}.Release|Any CPU.Build.0 = Release|Any CPU
	EndGlobalSection
	GlobalSection(NestedProjects) = preSolution
		{B2EC1050-15E3-4E63-9FD7-E3A00F509C7D} = {3D00BC1B-5229-4DC7-AAB1-DAB5E5BBD94B}
	EndGlobalSection
EndGlobal
